// !$*UTF8*$!
{
	archiveVersion = 1;
	classes = {
	};
	objectVersion = 46;
	objects = {

/* Begin PBXBuildFile section */
		8817E1B01C0D250800EF1422 /* main.m in Sources */ = {isa = PBXBuildFile; fileRef = 8817E1AF1C0D250800EF1422 /* main.m */; };
		8817E1B31C0D250800EF1422 /* AppDelegate.m in Sources */ = {isa = PBXBuildFile; fileRef = 8817E1B21C0D250800EF1422 /* AppDelegate.m */; };
		8817E1BB1C0D250800EF1422 /* Assets.xcassets in Resources */ = {isa = PBXBuildFile; fileRef = 8817E1BA1C0D250800EF1422 /* Assets.xcassets */; };
		8817E1BE1C0D250800EF1422 /* LaunchScreen.storyboard in Resources */ = {isa = PBXBuildFile; fileRef = 8817E1BC1C0D250800EF1422 /* LaunchScreen.storyboard */; };
		8817E1C91C0D250800EF1422 /* BlackWeiboTests.m in Sources */ = {isa = PBXBuildFile; fileRef = 8817E1C81C0D250800EF1422 /* BlackWeiboTests.m */; };
		8817E1D41C0D250800EF1422 /* BlackWeiboUITests.m in Sources */ = {isa = PBXBuildFile; fileRef = 8817E1D31C0D250800EF1422 /* BlackWeiboUITests.m */; };
		8838804E1C0EBB33004A12F5 /* HMTabBarController.m in Sources */ = {isa = PBXBuildFile; fileRef = 8838804D1C0EBB33004A12F5 /* HMTabBarController.m */; };
		883880551C0EBBCA004A12F5 /* UIImage+Utilities.m in Sources */ = {isa = PBXBuildFile; fileRef = 883880541C0EBBCA004A12F5 /* UIImage+Utilities.m */; };
		883880581C0EBDE1004A12F5 /* HMNavigationController.m in Sources */ = {isa = PBXBuildFile; fileRef = 883880571C0EBDE1004A12F5 /* HMNavigationController.m */; };
		8838805B1C0EBED4004A12F5 /* HMHomeViewController.m in Sources */ = {isa = PBXBuildFile; fileRef = 8838805A1C0EBED4004A12F5 /* HMHomeViewController.m */; };
		8838805E1C0EBEE9004A12F5 /* HMMessageViewController.m in Sources */ = {isa = PBXBuildFile; fileRef = 8838805D1C0EBEE9004A12F5 /* HMMessageViewController.m */; };
		883880611C0EBEFB004A12F5 /* HMDiscoverViewController.m in Sources */ = {isa = PBXBuildFile; fileRef = 883880601C0EBEFB004A12F5 /* HMDiscoverViewController.m */; };
		883880641C0EBF0D004A12F5 /* HMProfileViewController.m in Sources */ = {isa = PBXBuildFile; fileRef = 883880631C0EBF0D004A12F5 /* HMProfileViewController.m */; };
		883880671C0EC248004A12F5 /* UIBarButtonItem+Utilities.m in Sources */ = {isa = PBXBuildFile; fileRef = 883880661C0EC248004A12F5 /* UIBarButtonItem+Utilities.m */; };
		8838806A1C0EC3EF004A12F5 /* UIView+Utilities.m in Sources */ = {isa = PBXBuildFile; fileRef = 883880691C0EC3EF004A12F5 /* UIView+Utilities.m */; };
		88D933181C23BF47005012C7 /* HMTabBar.m in Sources */ = {isa = PBXBuildFile; fileRef = 88D933171C23BF47005012C7 /* HMTabBar.m */; };
		88D9331F1C23DE5F005012C7 /* HMComposeViewController.m in Sources */ = {isa = PBXBuildFile; fileRef = 88D9331E1C23DE5F005012C7 /* HMComposeViewController.m */; };
		88F6B1AD1C20E3EB00C22CC9 /* HMSearchBar.m in Sources */ = {isa = PBXBuildFile; fileRef = 88F6B1AC1C20E3EB00C22CC9 /* HMSearchBar.m */; };
		88F6B1B01C20E77300C22CC9 /* UIFont+Utilities.m in Sources */ = {isa = PBXBuildFile; fileRef = 88F6B1AF1C20E77300C22CC9 /* UIFont+Utilities.m */; };
		88F6B1B31C20EA3700C22CC9 /* HMTitleButton.m in Sources */ = {isa = PBXBuildFile; fileRef = 88F6B1B21C20EA3700C22CC9 /* HMTitleButton.m */; };
		88F6B1B61C21376200C22CC9 /* HMPopMenu.m in Sources */ = {isa = PBXBuildFile; fileRef = 88F6B1B51C21376200C22CC9 /* HMPopMenu.m */; };
/* End PBXBuildFile section */

/* Begin PBXContainerItemProxy section */
		8817E1C51C0D250800EF1422 /* PBXContainerItemProxy */ = {
			isa = PBXContainerItemProxy;
			containerPortal = 8817E1A31C0D250800EF1422 /* Project object */;
			proxyType = 1;
			remoteGlobalIDString = 8817E1AA1C0D250800EF1422;
			remoteInfo = BlackWeibo;
		};
		8817E1D01C0D250800EF1422 /* PBXContainerItemProxy */ = {
			isa = PBXContainerItemProxy;
			containerPortal = 8817E1A31C0D250800EF1422 /* Project object */;
			proxyType = 1;
			remoteGlobalIDString = 8817E1AA1C0D250800EF1422;
			remoteInfo = BlackWeibo;
		};
/* End PBXContainerItemProxy section */

/* Begin PBXFileReference section */
		8817E1AB1C0D250800EF1422 /* BlackWeibo.app */ = {isa = PBXFileReference; explicitFileType = wrapper.application; includeInIndex = 0; path = BlackWeibo.app; sourceTree = BUILT_PRODUCTS_DIR; };
		8817E1AF1C0D250800EF1422 /* main.m */ = {isa = PBXFileReference; lastKnownFileType = sourcecode.c.objc; path = main.m; sourceTree = "<group>"; };
		8817E1B11C0D250800EF1422 /* AppDelegate.h */ = {isa = PBXFileReference; lastKnownFileType = sourcecode.c.h; name = AppDelegate.h; path = ../../AppDelegate.h; sourceTree = "<group>"; };
		8817E1B21C0D250800EF1422 /* AppDelegate.m */ = {isa = PBXFileReference; lastKnownFileType = sourcecode.c.objc; name = AppDelegate.m; path = ../../AppDelegate.m; sourceTree = "<group>"; };
		8817E1BA1C0D250800EF1422 /* Assets.xcassets */ = {isa = PBXFileReference; lastKnownFileType = folder.assetcatalog; path = Assets.xcassets; sourceTree = "<group>"; };
		8817E1BD1C0D250800EF1422 /* Base */ = {isa = PBXFileReference; lastKnownFileType = file.storyboard; name = Base; path = Base.lproj/LaunchScreen.storyboard; sourceTree = "<group>"; };
		8817E1BF1C0D250800EF1422 /* Info.plist */ = {isa = PBXFileReference; lastKnownFileType = text.plist.xml; path = Info.plist; sourceTree = "<group>"; };
		8817E1C41C0D250800EF1422 /* BlackWeiboTests.xctest */ = {isa = PBXFileReference; explicitFileType = wrapper.cfbundle; includeInIndex = 0; path = BlackWeiboTests.xctest; sourceTree = BUILT_PRODUCTS_DIR; };
		8817E1C81C0D250800EF1422 /* BlackWeiboTests.m */ = {isa = PBXFileReference; lastKnownFileType = sourcecode.c.objc; path = BlackWeiboTests.m; sourceTree = "<group>"; };
		8817E1CA1C0D250800EF1422 /* Info.plist */ = {isa = PBXFileReference; lastKnownFileType = text.plist.xml; path = Info.plist; sourceTree = "<group>"; };
		8817E1CF1C0D250800EF1422 /* BlackWeiboUITests.xctest */ = {isa = PBXFileReference; explicitFileType = wrapper.cfbundle; includeInIndex = 0; path = BlackWeiboUITests.xctest; sourceTree = BUILT_PRODUCTS_DIR; };
		8817E1D31C0D250800EF1422 /* BlackWeiboUITests.m */ = {isa = PBXFileReference; lastKnownFileType = sourcecode.c.objc; path = BlackWeiboUITests.m; sourceTree = "<group>"; };
		8817E1D51C0D250800EF1422 /* Info.plist */ = {isa = PBXFileReference; lastKnownFileType = text.plist.xml; path = Info.plist; sourceTree = "<group>"; };
		8838804C1C0EBB33004A12F5 /* HMTabBarController.h */ = {isa = PBXFileReference; fileEncoding = 4; lastKnownFileType = sourcecode.c.h; path = HMTabBarController.h; sourceTree = "<group>"; };
		8838804D1C0EBB33004A12F5 /* HMTabBarController.m */ = {isa = PBXFileReference; fileEncoding = 4; lastKnownFileType = sourcecode.c.objc; path = HMTabBarController.m; sourceTree = "<group>"; };
		883880531C0EBBCA004A12F5 /* UIImage+Utilities.h */ = {isa = PBXFileReference; fileEncoding = 4; lastKnownFileType = sourcecode.c.h; name = "UIImage+Utilities.h"; path = "Category/UIImage+Utilities.h"; sourceTree = "<group>"; };
		883880541C0EBBCA004A12F5 /* UIImage+Utilities.m */ = {isa = PBXFileReference; fileEncoding = 4; lastKnownFileType = sourcecode.c.objc; name = "UIImage+Utilities.m"; path = "Category/UIImage+Utilities.m"; sourceTree = "<group>"; };
		883880561C0EBDE1004A12F5 /* HMNavigationController.h */ = {isa = PBXFileReference; fileEncoding = 4; lastKnownFileType = sourcecode.c.h; path = HMNavigationController.h; sourceTree = "<group>"; };
		883880571C0EBDE1004A12F5 /* HMNavigationController.m */ = {isa = PBXFileReference; fileEncoding = 4; lastKnownFileType = sourcecode.c.objc; path = HMNavigationController.m; sourceTree = "<group>"; };
		883880591C0EBED4004A12F5 /* HMHomeViewController.h */ = {isa = PBXFileReference; fileEncoding = 4; lastKnownFileType = sourcecode.c.h; path = HMHomeViewController.h; sourceTree = "<group>"; };
		8838805A1C0EBED4004A12F5 /* HMHomeViewController.m */ = {isa = PBXFileReference; fileEncoding = 4; lastKnownFileType = sourcecode.c.objc; path = HMHomeViewController.m; sourceTree = "<group>"; };
		8838805C1C0EBEE9004A12F5 /* HMMessageViewController.h */ = {isa = PBXFileReference; fileEncoding = 4; lastKnownFileType = sourcecode.c.h; path = HMMessageViewController.h; sourceTree = "<group>"; };
		8838805D1C0EBEE9004A12F5 /* HMMessageViewController.m */ = {isa = PBXFileReference; fileEncoding = 4; lastKnownFileType = sourcecode.c.objc; path = HMMessageViewController.m; sourceTree = "<group>"; };
		8838805F1C0EBEFB004A12F5 /* HMDiscoverViewController.h */ = {isa = PBXFileReference; fileEncoding = 4; lastKnownFileType = sourcecode.c.h; path = HMDiscoverViewController.h; sourceTree = "<group>"; };
		883880601C0EBEFB004A12F5 /* HMDiscoverViewController.m */ = {isa = PBXFileReference; fileEncoding = 4; lastKnownFileType = sourcecode.c.objc; path = HMDiscoverViewController.m; sourceTree = "<group>"; };
		883880621C0EBF0D004A12F5 /* HMProfileViewController.h */ = {isa = PBXFileReference; fileEncoding = 4; lastKnownFileType = sourcecode.c.h; path = HMProfileViewController.h; sourceTree = "<group>"; };
		883880631C0EBF0D004A12F5 /* HMProfileViewController.m */ = {isa = PBXFileReference; fileEncoding = 4; lastKnownFileType = sourcecode.c.objc; path = HMProfileViewController.m; sourceTree = "<group>"; };
		883880651C0EC248004A12F5 /* UIBarButtonItem+Utilities.h */ = {isa = PBXFileReference; fileEncoding = 4; lastKnownFileType = sourcecode.c.h; name = "UIBarButtonItem+Utilities.h"; path = "Category/UIBarButtonItem+Utilities.h"; sourceTree = "<group>"; };
		883880661C0EC248004A12F5 /* UIBarButtonItem+Utilities.m */ = {isa = PBXFileReference; fileEncoding = 4; lastKnownFileType = sourcecode.c.objc; name = "UIBarButtonItem+Utilities.m"; path = "Category/UIBarButtonItem+Utilities.m"; sourceTree = "<group>"; };
		883880681C0EC3EF004A12F5 /* UIView+Utilities.h */ = {isa = PBXFileReference; fileEncoding = 4; lastKnownFileType = sourcecode.c.h; path = "UIView+Utilities.h"; sourceTree = "<group>"; };
		883880691C0EC3EF004A12F5 /* UIView+Utilities.m */ = {isa = PBXFileReference; fileEncoding = 4; lastKnownFileType = sourcecode.c.objc; path = "UIView+Utilities.m"; sourceTree = "<group>"; };
		88D933161C23BF47005012C7 /* HMTabBar.h */ = {isa = PBXFileReference; fileEncoding = 4; lastKnownFileType = sourcecode.c.h; path = HMTabBar.h; sourceTree = "<group>"; };
		88D933171C23BF47005012C7 /* HMTabBar.m */ = {isa = PBXFileReference; fileEncoding = 4; lastKnownFileType = sourcecode.c.objc; path = HMTabBar.m; sourceTree = "<group>"; };
		88D9331D1C23DE5F005012C7 /* HMComposeViewController.h */ = {isa = PBXFileReference; fileEncoding = 4; lastKnownFileType = sourcecode.c.h; name = HMComposeViewController.h; path = Compose/Controller/HMComposeViewController.h; sourceTree = "<group>"; };
		88D9331E1C23DE5F005012C7 /* HMComposeViewController.m */ = {isa = PBXFileReference; fileEncoding = 4; lastKnownFileType = sourcecode.c.objc; name = HMComposeViewController.m; path = Compose/Controller/HMComposeViewController.m; sourceTree = "<group>"; };
		88F6B1AB1C20E3EB00C22CC9 /* HMSearchBar.h */ = {isa = PBXFileReference; fileEncoding = 4; lastKnownFileType = sourcecode.c.h; path = HMSearchBar.h; sourceTree = "<group>"; };
		88F6B1AC1C20E3EB00C22CC9 /* HMSearchBar.m */ = {isa = PBXFileReference; fileEncoding = 4; lastKnownFileType = sourcecode.c.objc; path = HMSearchBar.m; sourceTree = "<group>"; };
		88F6B1AE1C20E77300C22CC9 /* UIFont+Utilities.h */ = {isa = PBXFileReference; fileEncoding = 4; lastKnownFileType = sourcecode.c.h; path = "UIFont+Utilities.h"; sourceTree = "<group>"; };
		88F6B1AF1C20E77300C22CC9 /* UIFont+Utilities.m */ = {isa = PBXFileReference; fileEncoding = 4; lastKnownFileType = sourcecode.c.objc; path = "UIFont+Utilities.m"; sourceTree = "<group>"; };
		88F6B1B11C20EA3700C22CC9 /* HMTitleButton.h */ = {isa = PBXFileReference; fileEncoding = 4; lastKnownFileType = sourcecode.c.h; path = HMTitleButton.h; sourceTree = "<group>"; };
		88F6B1B21C20EA3700C22CC9 /* HMTitleButton.m */ = {isa = PBXFileReference; fileEncoding = 4; lastKnownFileType = sourcecode.c.objc; path = HMTitleButton.m; sourceTree = "<group>"; };
		88F6B1B41C21376200C22CC9 /* HMPopMenu.h */ = {isa = PBXFileReference; fileEncoding = 4; lastKnownFileType = sourcecode.c.h; path = HMPopMenu.h; sourceTree = "<group>"; };
		88F6B1B51C21376200C22CC9 /* HMPopMenu.m */ = {isa = PBXFileReference; fileEncoding = 4; lastKnownFileType = sourcecode.c.objc; path = HMPopMenu.m; sourceTree = "<group>"; };
/* End PBXFileReference section */

/* Begin PBXFrameworksBuildPhase section */
		8817E1A81C0D250800EF1422 /* Frameworks */ = {
			isa = PBXFrameworksBuildPhase;
			buildActionMask = 2147483647;
			files = (
			);
			runOnlyForDeploymentPostprocessing = 0;
		};
		8817E1C11C0D250800EF1422 /* Frameworks */ = {
			isa = PBXFrameworksBuildPhase;
			buildActionMask = 2147483647;
			files = (
			);
			runOnlyForDeploymentPostprocessing = 0;
		};
		8817E1CC1C0D250800EF1422 /* Frameworks */ = {
			isa = PBXFrameworksBuildPhase;
			buildActionMask = 2147483647;
			files = (
			);
			runOnlyForDeploymentPostprocessing = 0;
		};
/* End PBXFrameworksBuildPhase section */

/* Begin PBXGroup section */
		8817E1A21C0D250800EF1422 = {
			isa = PBXGroup;
			children = (
				8817E1AD1C0D250800EF1422 /* BlackWeibo */,
				8817E1C71C0D250800EF1422 /* BlackWeiboTests */,
				8817E1D21C0D250800EF1422 /* BlackWeiboUITests */,
				8817E1AC1C0D250800EF1422 /* Products */,
			);
			sourceTree = "<group>";
		};
		8817E1AC1C0D250800EF1422 /* Products */ = {
			isa = PBXGroup;
			children = (
				8817E1AB1C0D250800EF1422 /* BlackWeibo.app */,
				8817E1C41C0D250800EF1422 /* BlackWeiboTests.xctest */,
				8817E1CF1C0D250800EF1422 /* BlackWeiboUITests.xctest */,
			);
			name = Products;
			sourceTree = "<group>";
		};
		8817E1AD1C0D250800EF1422 /* BlackWeibo */ = {
			isa = PBXGroup;
			children = (
				883880361C0EBAA7004A12F5 /* Classes */,
				8817E1BA1C0D250800EF1422 /* Assets.xcassets */,
				8817E1AE1C0D250800EF1422 /* Supporting Files */,
			);
			path = BlackWeibo;
			sourceTree = "<group>";
		};
		8817E1AE1C0D250800EF1422 /* Supporting Files */ = {
			isa = PBXGroup;
			children = (
				8817E1BC1C0D250800EF1422 /* LaunchScreen.storyboard */,
				8817E1BF1C0D250800EF1422 /* Info.plist */,
				8817E1AF1C0D250800EF1422 /* main.m */,
			);
			name = "Supporting Files";
			sourceTree = "<group>";
		};
		8817E1C71C0D250800EF1422 /* BlackWeiboTests */ = {
			isa = PBXGroup;
			children = (
				8817E1C81C0D250800EF1422 /* BlackWeiboTests.m */,
				8817E1CA1C0D250800EF1422 /* Info.plist */,
			);
			path = BlackWeiboTests;
			sourceTree = "<group>";
		};
		8817E1D21C0D250800EF1422 /* BlackWeiboUITests */ = {
			isa = PBXGroup;
			children = (
				8817E1D31C0D250800EF1422 /* BlackWeiboUITests.m */,
				8817E1D51C0D250800EF1422 /* Info.plist */,
			);
			path = BlackWeiboUITests;
			sourceTree = "<group>";
		};
		883880361C0EBAA7004A12F5 /* Classes */ = {
			isa = PBXGroup;
			children = (
				8838803F1C0EBAA7004A12F5 /* Main */,
				8838803B1C0EBAA7004A12F5 /* Home */,
				883880431C0EBAA7004A12F5 /* Message */,
				883880371C0EBAA7004A12F5 /* Discover */,
				883880471C0EBAA7004A12F5 /* Profile */,
				88D933191C23DDEB005012C7 /* Compose */,
				883880521C0EBB97004A12F5 /* Category */,
			);
			path = Classes;
			sourceTree = "<group>";
		};
		883880371C0EBAA7004A12F5 /* Discover */ = {
			isa = PBXGroup;
			children = (
				883880381C0EBAA7004A12F5 /* Controller */,
				883880391C0EBAA7004A12F5 /* Model */,
				8838803A1C0EBAA7004A12F5 /* View */,
			);
			path = Discover;
			sourceTree = "<group>";
		};
		883880381C0EBAA7004A12F5 /* Controller */ = {
			isa = PBXGroup;
			children = (
				8838805F1C0EBEFB004A12F5 /* HMDiscoverViewController.h */,
				883880601C0EBEFB004A12F5 /* HMDiscoverViewController.m */,
			);
			path = Controller;
			sourceTree = "<group>";
		};
		883880391C0EBAA7004A12F5 /* Model */ = {
			isa = PBXGroup;
			children = (
			);
			path = Model;
			sourceTree = "<group>";
		};
		8838803A1C0EBAA7004A12F5 /* View */ = {
			isa = PBXGroup;
			children = (
				88F6B1AB1C20E3EB00C22CC9 /* HMSearchBar.h */,
				88F6B1AC1C20E3EB00C22CC9 /* HMSearchBar.m */,
			);
			path = View;
			sourceTree = "<group>";
		};
		8838803B1C0EBAA7004A12F5 /* Home */ = {
			isa = PBXGroup;
			children = (
				8838803C1C0EBAA7004A12F5 /* Controller */,
				8838803D1C0EBAA7004A12F5 /* Model */,
				8838803E1C0EBAA7004A12F5 /* View */,
			);
			path = Home;
			sourceTree = "<group>";
		};
		8838803C1C0EBAA7004A12F5 /* Controller */ = {
			isa = PBXGroup;
			children = (
				883880591C0EBED4004A12F5 /* HMHomeViewController.h */,
				8838805A1C0EBED4004A12F5 /* HMHomeViewController.m */,
			);
			path = Controller;
			sourceTree = "<group>";
		};
		8838803D1C0EBAA7004A12F5 /* Model */ = {
			isa = PBXGroup;
			children = (
			);
			path = Model;
			sourceTree = "<group>";
		};
		8838803E1C0EBAA7004A12F5 /* View */ = {
			isa = PBXGroup;
			children = (
				88F6B1B11C20EA3700C22CC9 /* HMTitleButton.h */,
				88F6B1B21C20EA3700C22CC9 /* HMTitleButton.m */,
				88F6B1B41C21376200C22CC9 /* HMPopMenu.h */,
				88F6B1B51C21376200C22CC9 /* HMPopMenu.m */,
			);
			path = View;
			sourceTree = "<group>";
		};
		8838803F1C0EBAA7004A12F5 /* Main */ = {
			isa = PBXGroup;
			children = (
				8838804B1C0EBAD3004A12F5 /* Other */,
				883880401C0EBAA7004A12F5 /* Controller */,
				883880411C0EBAA7004A12F5 /* Model */,
				883880421C0EBAA7004A12F5 /* View */,
			);
			path = Main;
			sourceTree = "<group>";
		};
		883880401C0EBAA7004A12F5 /* Controller */ = {
			isa = PBXGroup;
			children = (
				8838804C1C0EBB33004A12F5 /* HMTabBarController.h */,
				8838804D1C0EBB33004A12F5 /* HMTabBarController.m */,
				883880561C0EBDE1004A12F5 /* HMNavigationController.h */,
				883880571C0EBDE1004A12F5 /* HMNavigationController.m */,
			);
			path = Controller;
			sourceTree = "<group>";
		};
		883880411C0EBAA7004A12F5 /* Model */ = {
			isa = PBXGroup;
			children = (
			);
			path = Model;
			sourceTree = "<group>";
		};
		883880421C0EBAA7004A12F5 /* View */ = {
			isa = PBXGroup;
			children = (
				88D933161C23BF47005012C7 /* HMTabBar.h */,
				88D933171C23BF47005012C7 /* HMTabBar.m */,
			);
			path = View;
			sourceTree = "<group>";
		};
		883880431C0EBAA7004A12F5 /* Message */ = {
			isa = PBXGroup;
			children = (
				883880441C0EBAA7004A12F5 /* Controller */,
				883880451C0EBAA7004A12F5 /* Model */,
				883880461C0EBAA7004A12F5 /* View */,
			);
			path = Message;
			sourceTree = "<group>";
		};
		883880441C0EBAA7004A12F5 /* Controller */ = {
			isa = PBXGroup;
			children = (
				8838805C1C0EBEE9004A12F5 /* HMMessageViewController.h */,
				8838805D1C0EBEE9004A12F5 /* HMMessageViewController.m */,
			);
			path = Controller;
			sourceTree = "<group>";
		};
		883880451C0EBAA7004A12F5 /* Model */ = {
			isa = PBXGroup;
			children = (
			);
			path = Model;
			sourceTree = "<group>";
		};
		883880461C0EBAA7004A12F5 /* View */ = {
			isa = PBXGroup;
			children = (
			);
			path = View;
			sourceTree = "<group>";
		};
		883880471C0EBAA7004A12F5 /* Profile */ = {
			isa = PBXGroup;
			children = (
				883880481C0EBAA7004A12F5 /* Controller */,
				883880491C0EBAA7004A12F5 /* Model */,
				8838804A1C0EBAA7004A12F5 /* View */,
			);
			path = Profile;
			sourceTree = "<group>";
		};
		883880481C0EBAA7004A12F5 /* Controller */ = {
			isa = PBXGroup;
			children = (
				883880621C0EBF0D004A12F5 /* HMProfileViewController.h */,
				883880631C0EBF0D004A12F5 /* HMProfileViewController.m */,
			);
			path = Controller;
			sourceTree = "<group>";
		};
		883880491C0EBAA7004A12F5 /* Model */ = {
			isa = PBXGroup;
			children = (
			);
			path = Model;
			sourceTree = "<group>";
		};
		8838804A1C0EBAA7004A12F5 /* View */ = {
			isa = PBXGroup;
			children = (
			);
			path = View;
			sourceTree = "<group>";
		};
		8838804B1C0EBAD3004A12F5 /* Other */ = {
			isa = PBXGroup;
			children = (
				8817E1B11C0D250800EF1422 /* AppDelegate.h */,
				8817E1B21C0D250800EF1422 /* AppDelegate.m */,
			);
			name = Other;
			sourceTree = "<group>";
		};
		883880521C0EBB97004A12F5 /* Category */ = {
			isa = PBXGroup;
			children = (
				883880531C0EBBCA004A12F5 /* UIImage+Utilities.h */,
				883880541C0EBBCA004A12F5 /* UIImage+Utilities.m */,
				883880651C0EC248004A12F5 /* UIBarButtonItem+Utilities.h */,
				883880661C0EC248004A12F5 /* UIBarButtonItem+Utilities.m */,
				883880681C0EC3EF004A12F5 /* UIView+Utilities.h */,
				883880691C0EC3EF004A12F5 /* UIView+Utilities.m */,
				88F6B1AE1C20E77300C22CC9 /* UIFont+Utilities.h */,
				88F6B1AF1C20E77300C22CC9 /* UIFont+Utilities.m */,
			);
			name = Category;
			sourceTree = "<group>";
		};
		88D933191C23DDEB005012C7 /* Compose */ = {
			isa = PBXGroup;
			children = (
				88D9331A1C23DE04005012C7 /* Controller */,
				88D9331B1C23DE0C005012C7 /* Model */,
				88D9331C1C23DE12005012C7 /* View */,
			);
			name = Compose;
			sourceTree = "<group>";
		};
		88D9331A1C23DE04005012C7 /* Controller */ = {
			isa = PBXGroup;
			children = (
				88D9331D1C23DE5F005012C7 /* HMComposeViewController.h */,
				88D9331E1C23DE5F005012C7 /* HMComposeViewController.m */,
			);
			name = Controller;
			sourceTree = "<group>";
		};
		88D9331B1C23DE0C005012C7 /* Model */ = {
			isa = PBXGroup;
			children = (
			);
			name = Model;
			sourceTree = "<group>";
		};
		88D9331C1C23DE12005012C7 /* View */ = {
			isa = PBXGroup;
			children = (
			);
			name = View;
			sourceTree = "<group>";
		};
/* End PBXGroup section */

/* Begin PBXNativeTarget section */
		8817E1AA1C0D250800EF1422 /* BlackWeibo */ = {
			isa = PBXNativeTarget;
			buildConfigurationList = 8817E1D81C0D250800EF1422 /* Build configuration list for PBXNativeTarget "BlackWeibo" */;
			buildPhases = (
				8817E1A71C0D250800EF1422 /* Sources */,
				8817E1A81C0D250800EF1422 /* Frameworks */,
				8817E1A91C0D250800EF1422 /* Resources */,
			);
			buildRules = (
			);
			dependencies = (
			);
			name = BlackWeibo;
			productName = BlackWeibo;
			productReference = 8817E1AB1C0D250800EF1422 /* BlackWeibo.app */;
			productType = "com.apple.product-type.application";
		};
		8817E1C31C0D250800EF1422 /* BlackWeiboTests */ = {
			isa = PBXNativeTarget;
			buildConfigurationList = 8817E1DB1C0D250800EF1422 /* Build configuration list for PBXNativeTarget "BlackWeiboTests" */;
			buildPhases = (
				8817E1C01C0D250800EF1422 /* Sources */,
				8817E1C11C0D250800EF1422 /* Frameworks */,
				8817E1C21C0D250800EF1422 /* Resources */,
			);
			buildRules = (
			);
			dependencies = (
				8817E1C61C0D250800EF1422 /* PBXTargetDependency */,
			);
			name = BlackWeiboTests;
			productName = BlackWeiboTests;
			productReference = 8817E1C41C0D250800EF1422 /* BlackWeiboTests.xctest */;
			productType = "com.apple.product-type.bundle.unit-test";
		};
		8817E1CE1C0D250800EF1422 /* BlackWeiboUITests */ = {
			isa = PBXNativeTarget;
			buildConfigurationList = 8817E1DE1C0D250800EF1422 /* Build configuration list for PBXNativeTarget "BlackWeiboUITests" */;
			buildPhases = (
				8817E1CB1C0D250800EF1422 /* Sources */,
				8817E1CC1C0D250800EF1422 /* Frameworks */,
				8817E1CD1C0D250800EF1422 /* Resources */,
			);
			buildRules = (
			);
			dependencies = (
				8817E1D11C0D250800EF1422 /* PBXTargetDependency */,
			);
			name = BlackWeiboUITests;
			productName = BlackWeiboUITests;
			productReference = 8817E1CF1C0D250800EF1422 /* BlackWeiboUITests.xctest */;
			productType = "com.apple.product-type.bundle.ui-testing";
		};
/* End PBXNativeTarget section */

/* Begin PBXProject section */
		8817E1A31C0D250800EF1422 /* Project object */ = {
			isa = PBXProject;
			attributes = {
				LastUpgradeCheck = 0710;
				ORGANIZATIONNAME = "Wenxuan Chen";
				TargetAttributes = {
					8817E1AA1C0D250800EF1422 = {
						CreatedOnToolsVersion = 7.1.1;
						DevelopmentTeam = LPVVRQ8S3B;
					};
					8817E1C31C0D250800EF1422 = {
						CreatedOnToolsVersion = 7.1.1;
						TestTargetID = 8817E1AA1C0D250800EF1422;
					};
					8817E1CE1C0D250800EF1422 = {
						CreatedOnToolsVersion = 7.1.1;
						TestTargetID = 8817E1AA1C0D250800EF1422;
					};
				};
			};
			buildConfigurationList = 8817E1A61C0D250800EF1422 /* Build configuration list for PBXProject "BlackWeibo" */;
			compatibilityVersion = "Xcode 3.2";
			developmentRegion = English;
			hasScannedForEncodings = 0;
			knownRegions = (
				en,
				Base,
			);
			mainGroup = 8817E1A21C0D250800EF1422;
			productRefGroup = 8817E1AC1C0D250800EF1422 /* Products */;
			projectDirPath = "";
			projectRoot = "";
			targets = (
				8817E1AA1C0D250800EF1422 /* BlackWeibo */,
				8817E1C31C0D250800EF1422 /* BlackWeiboTests */,
				8817E1CE1C0D250800EF1422 /* BlackWeiboUITests */,
			);
		};
/* End PBXProject section */

/* Begin PBXResourcesBuildPhase section */
		8817E1A91C0D250800EF1422 /* Resources */ = {
			isa = PBXResourcesBuildPhase;
			buildActionMask = 2147483647;
			files = (
				8817E1BE1C0D250800EF1422 /* LaunchScreen.storyboard in Resources */,
				8817E1BB1C0D250800EF1422 /* Assets.xcassets in Resources */,
			);
			runOnlyForDeploymentPostprocessing = 0;
		};
		8817E1C21C0D250800EF1422 /* Resources */ = {
			isa = PBXResourcesBuildPhase;
			buildActionMask = 2147483647;
			files = (
			);
			runOnlyForDeploymentPostprocessing = 0;
		};
		8817E1CD1C0D250800EF1422 /* Resources */ = {
			isa = PBXResourcesBuildPhase;
			buildActionMask = 2147483647;
			files = (
			);
			runOnlyForDeploymentPostprocessing = 0;
		};
/* End PBXResourcesBuildPhase section */

/* Begin PBXSourcesBuildPhase section */
		8817E1A71C0D250800EF1422 /* Sources */ = {
			isa = PBXSourcesBuildPhase;
			buildActionMask = 2147483647;
			files = (
				883880611C0EBEFB004A12F5 /* HMDiscoverViewController.m in Sources */,
				8838805B1C0EBED4004A12F5 /* HMHomeViewController.m in Sources */,
				883880581C0EBDE1004A12F5 /* HMNavigationController.m in Sources */,
				8817E1B31C0D250800EF1422 /* AppDelegate.m in Sources */,
				88F6B1AD1C20E3EB00C22CC9 /* HMSearchBar.m in Sources */,
				88D9331F1C23DE5F005012C7 /* HMComposeViewController.m in Sources */,
				8817E1B01C0D250800EF1422 /* main.m in Sources */,
				88D933181C23BF47005012C7 /* HMTabBar.m in Sources */,
				88F6B1B01C20E77300C22CC9 /* UIFont+Utilities.m in Sources */,
				8838805E1C0EBEE9004A12F5 /* HMMessageViewController.m in Sources */,
				88F6B1B61C21376200C22CC9 /* HMPopMenu.m in Sources */,
				883880551C0EBBCA004A12F5 /* UIImage+Utilities.m in Sources */,
				883880671C0EC248004A12F5 /* UIBarButtonItem+Utilities.m in Sources */,
				883880641C0EBF0D004A12F5 /* HMProfileViewController.m in Sources */,
				88F6B1B31C20EA3700C22CC9 /* HMTitleButton.m in Sources */,
				8838804E1C0EBB33004A12F5 /* HMTabBarController.m in Sources */,
				8838806A1C0EC3EF004A12F5 /* UIView+Utilities.m in Sources */,
			);
			runOnlyForDeploymentPostprocessing = 0;
		};
		8817E1C01C0D250800EF1422 /* Sources */ = {
			isa = PBXSourcesBuildPhase;
			buildActionMask = 2147483647;
			files = (
				8817E1C91C0D250800EF1422 /* BlackWeiboTests.m in Sources */,
			);
			runOnlyForDeploymentPostprocessing = 0;
		};
		8817E1CB1C0D250800EF1422 /* Sources */ = {
			isa = PBXSourcesBuildPhase;
			buildActionMask = 2147483647;
			files = (
				8817E1D41C0D250800EF1422 /* BlackWeiboUITests.m in Sources */,
			);
			runOnlyForDeploymentPostprocessing = 0;
		};
/* End PBXSourcesBuildPhase section */

/* Begin PBXTargetDependency section */
		8817E1C61C0D250800EF1422 /* PBXTargetDependency */ = {
			isa = PBXTargetDependency;
			target = 8817E1AA1C0D250800EF1422 /* BlackWeibo */;
			targetProxy = 8817E1C51C0D250800EF1422 /* PBXContainerItemProxy */;
		};
		8817E1D11C0D250800EF1422 /* PBXTargetDependency */ = {
			isa = PBXTargetDependency;
			target = 8817E1AA1C0D250800EF1422 /* BlackWeibo */;
			targetProxy = 8817E1D01C0D250800EF1422 /* PBXContainerItemProxy */;
		};
/* End PBXTargetDependency section */

/* Begin PBXVariantGroup section */
		8817E1BC1C0D250800EF1422 /* LaunchScreen.storyboard */ = {
			isa = PBXVariantGroup;
			children = (
				8817E1BD1C0D250800EF1422 /* Base */,
			);
			name = LaunchScreen.storyboard;
			sourceTree = "<group>";
		};
/* End PBXVariantGroup section */

/* Begin XCBuildConfiguration section */
		8817E1D61C0D250800EF1422 /* Debug */ = {
			isa = XCBuildConfiguration;
			buildSettings = {
				ALWAYS_SEARCH_USER_PATHS = NO;
				CLANG_CXX_LANGUAGE_STANDARD = "gnu++0x";
				CLANG_CXX_LIBRARY = "libc++";
				CLANG_ENABLE_MODULES = YES;
				CLANG_ENABLE_OBJC_ARC = YES;
				CLANG_WARN_BOOL_CONVERSION = YES;
				CLANG_WARN_CONSTANT_CONVERSION = YES;
				CLANG_WARN_DIRECT_OBJC_ISA_USAGE = YES_ERROR;
				CLANG_WARN_EMPTY_BODY = YES;
				CLANG_WARN_ENUM_CONVERSION = YES;
				CLANG_WARN_INT_CONVERSION = YES;
				CLANG_WARN_OBJC_ROOT_CLASS = YES_ERROR;
				CLANG_WARN_UNREACHABLE_CODE = YES;
				CLANG_WARN__DUPLICATE_METHOD_MATCH = YES;
				"CODE_SIGN_IDENTITY[sdk=iphoneos*]" = "iPhone Developer";
				COPY_PHASE_STRIP = NO;
				DEBUG_INFORMATION_FORMAT = dwarf;
				ENABLE_STRICT_OBJC_MSGSEND = YES;
				ENABLE_TESTABILITY = YES;
				GCC_C_LANGUAGE_STANDARD = gnu99;
				GCC_DYNAMIC_NO_PIC = NO;
				GCC_NO_COMMON_BLOCKS = YES;
				GCC_OPTIMIZATION_LEVEL = 0;
				GCC_PREPROCESSOR_DEFINITIONS = (
					"DEBUG=1",
					"$(inherited)",
				);
				GCC_WARN_64_TO_32_BIT_CONVERSION = YES;
				GCC_WARN_ABOUT_RETURN_TYPE = YES_ERROR;
				GCC_WARN_UNDECLARED_SELECTOR = YES;
				GCC_WARN_UNINITIALIZED_AUTOS = YES_AGGRESSIVE;
				GCC_WARN_UNUSED_FUNCTION = YES;
				GCC_WARN_UNUSED_VARIABLE = YES;
				IPHONEOS_DEPLOYMENT_TARGET = 9.1;
				MTL_ENABLE_DEBUG_INFO = YES;
				ONLY_ACTIVE_ARCH = YES;
				SDKROOT = iphoneos;
				TARGETED_DEVICE_FAMILY = "1,2";
			};
			name = Debug;
		};
		8817E1D71C0D250800EF1422 /* Release */ = {
			isa = XCBuildConfiguration;
			buildSettings = {
				ALWAYS_SEARCH_USER_PATHS = NO;
				CLANG_CXX_LANGUAGE_STANDARD = "gnu++0x";
				CLANG_CXX_LIBRARY = "libc++";
				CLANG_ENABLE_MODULES = YES;
				CLANG_ENABLE_OBJC_ARC = YES;
				CLANG_WARN_BOOL_CONVERSION = YES;
				CLANG_WARN_CONSTANT_CONVERSION = YES;
				CLANG_WARN_DIRECT_OBJC_ISA_USAGE = YES_ERROR;
				CLANG_WARN_EMPTY_BODY = YES;
				CLANG_WARN_ENUM_CONVERSION = YES;
				CLANG_WARN_INT_CONVERSION = YES;
				CLANG_WARN_OBJC_ROOT_CLASS = YES_ERROR;
				CLANG_WARN_UNREACHABLE_CODE = YES;
				CLANG_WARN__DUPLICATE_METHOD_MATCH = YES;
				"CODE_SIGN_IDENTITY[sdk=iphoneos*]" = "iPhone Developer";
				COPY_PHASE_STRIP = NO;
				DEBUG_INFORMATION_FORMAT = "dwarf-with-dsym";
				ENABLE_NS_ASSERTIONS = NO;
				ENABLE_STRICT_OBJC_MSGSEND = YES;
				GCC_C_LANGUAGE_STANDARD = gnu99;
				GCC_NO_COMMON_BLOCKS = YES;
				GCC_WARN_64_TO_32_BIT_CONVERSION = YES;
				GCC_WARN_ABOUT_RETURN_TYPE = YES_ERROR;
				GCC_WARN_UNDECLARED_SELECTOR = YES;
				GCC_WARN_UNINITIALIZED_AUTOS = YES_AGGRESSIVE;
				GCC_WARN_UNUSED_FUNCTION = YES;
				GCC_WARN_UNUSED_VARIABLE = YES;
				IPHONEOS_DEPLOYMENT_TARGET = 9.1;
				MTL_ENABLE_DEBUG_INFO = NO;
				SDKROOT = iphoneos;
				TARGETED_DEVICE_FAMILY = "1,2";
				VALIDATE_PRODUCT = YES;
			};
			name = Release;
		};
		8817E1D91C0D250800EF1422 /* Debug */ = {
			isa = XCBuildConfiguration;
			buildSettings = {
				ASSETCATALOG_COMPILER_APPICON_NAME = AppIcon;
				ASSETCATALOG_COMPILER_LAUNCHIMAGE_NAME = LaunchImage;
				CODE_SIGN_IDENTITY = "iPhone Developer";
				INFOPLIST_FILE = BlackWeibo/Info.plist;
				LD_RUNPATH_SEARCH_PATHS = "$(inherited) @executable_path/Frameworks";
				PRODUCT_BUNDLE_IDENTIFIER = www.cwx.BlackWeibo;
				PRODUCT_NAME = "$(TARGET_NAME)";
				TARGETED_DEVICE_FAMILY = 1;
			};
			name = Debug;
		};
		8817E1DA1C0D250800EF1422 /* Release */ = {
			isa = XCBuildConfiguration;
			buildSettings = {
				ASSETCATALOG_COMPILER_APPICON_NAME = AppIcon;
				ASSETCATALOG_COMPILER_LAUNCHIMAGE_NAME = LaunchImage;
				CODE_SIGN_IDENTITY = "iPhone Developer";
				INFOPLIST_FILE = BlackWeibo/Info.plist;
				LD_RUNPATH_SEARCH_PATHS = "$(inherited) @executable_path/Frameworks";
				PRODUCT_BUNDLE_IDENTIFIER = www.cwx.BlackWeibo;
				PRODUCT_NAME = "$(TARGET_NAME)";
				TARGETED_DEVICE_FAMILY = 1;
			};
			name = Release;
		};
		8817E1DC1C0D250800EF1422 /* Debug */ = {
			isa = XCBuildConfiguration;
			buildSettings = {
				BUNDLE_LOADER = "$(TEST_HOST)";
				INFOPLIST_FILE = BlackWeiboTests/Info.plist;
				LD_RUNPATH_SEARCH_PATHS = "$(inherited) @executable_path/Frameworks @loader_path/Frameworks";
				PRODUCT_BUNDLE_IDENTIFIER = www.cwx.BlackWeiboTests;
				PRODUCT_NAME = "$(TARGET_NAME)";
				TEST_HOST = "$(BUILT_PRODUCTS_DIR)/BlackWeibo.app/BlackWeibo";
			};
			name = Debug;
		};
		8817E1DD1C0D250800EF1422 /* Release */ = {
			isa = XCBuildConfiguration;
			buildSettings = {
				BUNDLE_LOADER = "$(TEST_HOST)";
				INFOPLIST_FILE = BlackWeiboTests/Info.plist;
				LD_RUNPATH_SEARCH_PATHS = "$(inherited) @executable_path/Frameworks @loader_path/Frameworks";
				PRODUCT_BUNDLE_IDENTIFIER = www.cwx.BlackWeiboTests;
				PRODUCT_NAME = "$(TARGET_NAME)";
				TEST_HOST = "$(BUILT_PRODUCTS_DIR)/BlackWeibo.app/BlackWeibo";
			};
			name = Release;
		};
		8817E1DF1C0D250800EF1422 /* Debug */ = {
			isa = XCBuildConfiguration;
			buildSettings = {
				INFOPLIST_FILE = BlackWeiboUITests/Info.plist;
				LD_RUNPATH_SEARCH_PATHS = "$(inherited) @executable_path/Frameworks @loader_path/Frameworks";
				PRODUCT_BUNDLE_IDENTIFIER = www.cwx.BlackWeiboUITests;
				PRODUCT_NAME = "$(TARGET_NAME)";
				TEST_TARGET_NAME = BlackWeibo;
				USES_XCTRUNNER = YES;
			};
			name = Debug;
		};
		8817E1E01C0D250800EF1422 /* Release */ = {
			isa = XCBuildConfiguration;
			buildSettings = {
				INFOPLIST_FILE = BlackWeiboUITests/Info.plist;
				LD_RUNPATH_SEARCH_PATHS = "$(inherited) @executable_path/Frameworks @loader_path/Frameworks";
				PRODUCT_BUNDLE_IDENTIFIER = www.cwx.BlackWeiboUITests;
				PRODUCT_NAME = "$(TARGET_NAME)";
				TEST_TARGET_NAME = BlackWeibo;
				USES_XCTRUNNER = YES;
			};
			name = Release;
		};
/* End XCBuildConfiguration section */

/* Begin XCConfigurationList section */
		8817E1A61C0D250800EF1422 /* Build configuration list for PBXProject "BlackWeibo" */ = {
			isa = XCConfigurationList;
			buildConfigurations = (
				8817E1D61C0D250800EF1422 /* Debug */,
				8817E1D71C0D250800EF1422 /* Release */,
			);
			defaultConfigurationIsVisible = 0;
			defaultConfigurationName = Release;
		};
		8817E1D81C0D250800EF1422 /* Build configuration list for PBXNativeTarget "BlackWeibo" */ = {
			isa = XCConfigurationList;
			buildConfigurations = (
				8817E1D91C0D250800EF1422 /* Debug */,
				8817E1DA1C0D250800EF1422 /* Release */,
			);
			defaultConfigurationIsVisible = 0;
			defaultConfigurationName = Release;
		};
		8817E1DB1C0D250800EF1422 /* Build configuration list for PBXNativeTarget "BlackWeiboTests" */ = {
			isa = XCConfigurationList;
			buildConfigurations = (
				8817E1DC1C0D250800EF1422 /* Debug */,
				8817E1DD1C0D250800EF1422 /* Release */,
			);
			defaultConfigurationIsVisible = 0;
			defaultConfigurationName = Release;
		};
		8817E1DE1C0D250800EF1422 /* Build configuration list for PBXNativeTarget "BlackWeiboUITests" */ = {
			isa = XCConfigurationList;
			buildConfigurations = (
				8817E1DF1C0D250800EF1422 /* Debug */,
				8817E1E01C0D250800EF1422 /* Release */,
			);
			defaultConfigurationIsVisible = 0;
			defaultConfigurationName = Release;
		};
/* End XCConfigurationList section */
	};
	rootObject = 8817E1A31C0D250800EF1422 /* Project object */;
}
